
Microsoft Visual Studio Solution File, Format Version 12.00
# Visual Studio 2012
Project("{FAE04EC0-301F-11D3-BF4B-00C04F79EFBC}") = "Bison.Framework", "Bison.Framework\Bison.Framework.csproj", "{72289FAC-DB4F-4044-9541-557C96199527}"
EndProject
Project("{FAE04EC0-301F-11D3-BF4B-00C04F79EFBC}") = "Bison.Demo", "Bison.Demo\Bison.Demo\Bison.Demo.csproj", "{43D595B5-A0D9-45CE-BFC2-1A05D6417D4E}"
EndProject
Project("{96E2B04D-8817-42C6-938A-82C39BA4D311}") = "Bison.DemoContent", "Bison.Demo\Bison.DemoContent\Bison.DemoContent.contentproj", "{042A8C85-EB41-4460-978B-31C3B9CEE1ED}"
EndProject
Global
	GlobalSection(SolutionConfigurationPlatforms) = preSolution
		Debug|Windows Phone = Debug|Windows Phone
		Release|Windows Phone = Release|Windows Phone
	EndGlobalSection
	GlobalSection(ProjectConfigurationPlatforms) = postSolution
		{72289FAC-DB4F-4044-9541-557C96199527}.Debug|Windows Phone.ActiveCfg = Debug|Windows Phone
		{72289FAC-DB4F-4044-9541-557C96199527}.Debug|Windows Phone.Build.0 = Debug|Windows Phone
		{72289FAC-DB4F-4044-9541-557C96199527}.Release|Windows Phone.ActiveCfg = Release|Windows Phone
		{72289FAC-DB4F-4044-9541-557C96199527}.Release|Windows Phone.Build.0 = Release|Windows Phone
		{43D595B5-A0D9-45CE-BFC2-1A05D6417D4E}.Debug|Windows Phone.ActiveCfg = Debug|Windows Phone
		{43D595B5-A0D9-45CE-BFC2-1A05D6417D4E}.Debug|Windows Phone.Build.0 = Debug|Windows Phone
		{43D595B5-A0D9-45CE-BFC2-1A05D6417D4E}.Debug|Windows Phone.Deploy.0 = Debug|Windows Phone
		{43D595B5-A0D9-45CE-BFC2-1A05D6417D4E}.Release|Windows Phone.ActiveCfg = Release|Windows Phone
		{43D595B5-A0D9-45CE-BFC2-1A05D6417D4E}.Release|Windows Phone.Build.0 = Release|Windows Phone
		{43D595B5-A0D9-45CE-BFC2-1A05D6417D4E}.Release|Windows Phone.Deploy.0 = Release|Windows Phone
		{042A8C85-EB41-4460-978B-31C3B9CEE1ED}.Debug|Windows Phone.ActiveCfg = Debug|Windows Phone
		{042A8C85-EB41-4460-978B-31C3B9CEE1ED}.Release|Windows Phone.ActiveCfg = Release|Windows Phone
	EndGlobalSection
	GlobalSection(SolutionProperties) = preSolution
		HideSolutionNode = FALSE
	EndGlobalSection
EndGlobal
